
Microsoft Visual Studio Solution File, Format Version 12.00
# Visual Studio Version 17
VisualStudioVersion = 17.4.33213.308
MinimumVisualStudioVersion = 10.0.40219.1
Project("{FAE04EC0-301F-11D3-BF4B-00C04F79EFBC}") = "Product-api-v2", "Product-api-v2\Product-api-v2.csproj", "{67871F59-54E8-4DC3-BA17-7CA1C3080676}"
EndProject
Global
	GlobalSection(SolutionConfigurationPlatforms) = preSolution
		Debug|Any CPU = Debug|Any CPU
		Release|Any CPU = Release|Any CPU
	EndGlobalSection
	GlobalSection(ProjectConfigurationPlatforms) = postSolution
		{67871F59-54E8-4DC3-BA17-7CA1C3080676}.Debug|Any CPU.ActiveCfg = Debug|Any CPU
		{67871F59-54E8-4DC3-BA17-7CA1C3080676}.Debug|Any CPU.Build.0 = Debug|Any CPU
		{67871F59-54E8-4DC3-BA17-7CA1C3080676}.Release|Any CPU.ActiveCfg = Release|Any CPU
		{67871F59-54E8-4DC3-BA17-7CA1C3080676}.Release|Any CPU.Build.0 = Release|Any CPU
	EndGlobalSection
	GlobalSection(SolutionProperties) = preSolution
		HideSolutionNode = FALSE
	EndGlobalSection
	GlobalSection(ExtensibilityGlobals) = postSolution
		SolutionGuid = {54944E62-9AA7-4D64-AF16-F29864A6A916}
	EndGlobalSection
EndGlobal
